
Microsoft Visual Studio Solution File, Format Version 12.00
# Visual Studio Version 16
VisualStudioVersion = 16.0.29806.167
MinimumVisualStudioVersion = 10.0.40219.1
Project("{9A19103F-16F7-4668-BE54-9A1E7A4F7556}") = "HardwareMall.Web", "HardwareMallWeb\HardwareMall.Web.csproj", "{8CD412C7-9D7D-4978-80A1-7E76E691CA24}"
EndProject
Project("{2150E333-8FDC-42A3-9474-1A3956D46DE8}") = "1.Application", "1.Application", "{6DC6FBA1-741E-4208-810D-7B81D85BBD60}"
EndProject
Project("{2150E333-8FDC-42A3-9474-1A3956D46DE8}") = "2.BLL", "2.BLL", "{8EF8E6AF-94FC-4687-894F-1C5D024D9916}"
EndProject
Project("{2150E333-8FDC-42A3-9474-1A3956D46DE8}") = "3.Dal", "3.Dal", "{F60B05E6-1D02-4B38-9CA4-ABD8FDE787EE}"
EndProject
Project("{2150E333-8FDC-42A3-9474-1A3956D46DE8}") = "5.Tool", "5.Tool", "{0A8FF8F7-BF0D-42AF-8A40-D8631962A64E}"
EndProject
Project("{9A19103F-16F7-4668-BE54-9A1E7A4F7556}") = "HardwareMall.Manage", "HardwareMallManage\HardwareMall.Manage.csproj", "{A7CDB277-E5EF-4C3D-87AD-4D88BBB0D3BD}"
EndProject
Project("{2150E333-8FDC-42A3-9474-1A3956D46DE8}") = "4.Model", "4.Model", "{0EC1C35F-8338-4D17-AFAA-38E79B9BC080}"
EndProject
Project("{9A19103F-16F7-4668-BE54-9A1E7A4F7556}") = "HardwareMall.BLL", "HardwareMall.BLL\HardwareMall.BLL.csproj", "{1517186C-815B-4B1A-8A5D-D77B75BEAB3C}"
EndProject
Project("{9A19103F-16F7-4668-BE54-9A1E7A4F7556}") = "HardwareMall.DAL", "HardwareMall.DAL\HardwareMall.DAL.csproj", "{9935B811-EC2F-444B-8DF5-9929BDE17FDE}"
EndProject
Project("{9A19103F-16F7-4668-BE54-9A1E7A4F7556}") = "DBUtility", "DBUtility\DBUtility.csproj", "{A3595D84-152F-463B-954A-009C68EF168E}"
EndProject
Project("{9A19103F-16F7-4668-BE54-9A1E7A4F7556}") = "HardwareMall.Model", "HardwareMall.Model\HardwareMall.Model.csproj", "{FD78290F-8C4B-4727-94DF-1DA3019B693D}"
EndProject
Project("{9A19103F-16F7-4668-BE54-9A1E7A4F7556}") = "HardwareMall.Tool", "HardwareMall.Tool\HardwareMall.Tool.csproj", "{4821EF01-AA4F-4681-B357-6D0D0175D5E6}"
EndProject
Project("{2150E333-8FDC-42A3-9474-1A3956D46DE8}") = "English", "English", "{778AA7FA-1A8F-4669-88DB-C02995159E60}"
EndProject
Project("{2150E333-8FDC-42A3-9474-1A3956D46DE8}") = "Chinese", "Chinese", "{46FA6A03-7C59-48A4-A4BE-53D830F608AD}"
EndProject
Project("{FAE04EC0-301F-11D3-BF4B-00C04F79EFBC}") = "HardwareMall.English.Web", "HardwareMall.English.Web\HardwareMall.English.Web.csproj", "{521E4161-D9B2-44A0-A976-984727C96671}"
EndProject
Project("{FAE04EC0-301F-11D3-BF4B-00C04F79EFBC}") = "HardwareMall.English.Manage", "HardwareMall.English.Manage\HardwareMall.English.Manage.csproj", "{3879789E-62AE-44E0-A9D2-F9026233373A}"
EndProject
Global
	GlobalSection(SolutionConfigurationPlatforms) = preSolution
		Debug|Any CPU = Debug|Any CPU
		Release|Any CPU = Release|Any CPU
	EndGlobalSection
	GlobalSection(ProjectConfigurationPlatforms) = postSolution
		{8CD412C7-9D7D-4978-80A1-7E76E691CA24}.Debug|Any CPU.ActiveCfg = Debug|Any CPU
		{8CD412C7-9D7D-4978-80A1-7E76E691CA24}.Debug|Any CPU.Build.0 = Debug|Any CPU
		{8CD412C7-9D7D-4978-80A1-7E76E691CA24}.Release|Any CPU.ActiveCfg = Release|Any CPU
		{8CD412C7-9D7D-4978-80A1-7E76E691CA24}.Release|Any CPU.Build.0 = Release|Any CPU
		{A7CDB277-E5EF-4C3D-87AD-4D88BBB0D3BD}.Debug|Any CPU.ActiveCfg = Debug|Any CPU
		{A7CDB277-E5EF-4C3D-87AD-4D88BBB0D3BD}.Debug|Any CPU.Build.0 = Debug|Any CPU
		{A7CDB277-E5EF-4C3D-87AD-4D88BBB0D3BD}.Release|Any CPU.ActiveCfg = Release|Any CPU
		{A7CDB277-E5EF-4C3D-87AD-4D88BBB0D3BD}.Release|Any CPU.Build.0 = Release|Any CPU
		{1517186C-815B-4B1A-8A5D-D77B75BEAB3C}.Debug|Any CPU.ActiveCfg = Debug|Any CPU
		{1517186C-815B-4B1A-8A5D-D77B75BEAB3C}.Debug|Any CPU.Build.0 = Debug|Any CPU
		{1517186C-815B-4B1A-8A5D-D77B75BEAB3C}.Release|Any CPU.ActiveCfg = Release|Any CPU
		{1517186C-815B-4B1A-8A5D-D77B75BEAB3C}.Release|Any CPU.Build.0 = Release|Any CPU
		{9935B811-EC2F-444B-8DF5-9929BDE17FDE}.Debug|Any CPU.ActiveCfg = Debug|Any CPU
		{9935B811-EC2F-444B-8DF5-9929BDE17FDE}.Debug|Any CPU.Build.0 = Debug|Any CPU
		{9935B811-EC2F-444B-8DF5-9929BDE17FDE}.Release|Any CPU.ActiveCfg = Release|Any CPU
		{9935B811-EC2F-444B-8DF5-9929BDE17FDE}.Release|Any CPU.Build.0 = Release|Any CPU
		{A3595D84-152F-463B-954A-009C68EF168E}.Debug|Any CPU.ActiveCfg = Debug|Any CPU
		{A3595D84-152F-463B-954A-009C68EF168E}.Debug|Any CPU.Build.0 = Debug|Any CPU
		{A3595D84-152F-463B-954A-009C68EF168E}.Release|Any CPU.ActiveCfg = Release|Any CPU
		{A3595D84-152F-463B-954A-009C68EF168E}.Release|Any CPU.Build.0 = Release|Any CPU
		{FD78290F-8C4B-4727-94DF-1DA3019B693D}.Debug|Any CPU.ActiveCfg = Debug|Any CPU
		{FD78290F-8C4B-4727-94DF-1DA3019B693D}.Debug|Any CPU.Build.0 = Debug|Any CPU
		{FD78290F-8C4B-4727-94DF-1DA3019B693D}.Release|Any CPU.ActiveCfg = Release|Any CPU
		{FD78290F-8C4B-4727-94DF-1DA3019B693D}.Release|Any CPU.Build.0 = Release|Any CPU
		{4821EF01-AA4F-4681-B357-6D0D0175D5E6}.Debug|Any CPU.ActiveCfg = Debug|Any CPU
		{4821EF01-AA4F-4681-B357-6D0D0175D5E6}.Debug|Any CPU.Build.0 = Debug|Any CPU
		{4821EF01-AA4F-4681-B357-6D0D0175D5E6}.Release|Any CPU.ActiveCfg = Release|Any CPU
		{4821EF01-AA4F-4681-B357-6D0D0175D5E6}.Release|Any CPU.Build.0 = Release|Any CPU
		{521E4161-D9B2-44A0-A976-984727C96671}.Debug|Any CPU.ActiveCfg = Debug|Any CPU
		{521E4161-D9B2-44A0-A976-984727C96671}.Debug|Any CPU.Build.0 = Debug|Any CPU
		{521E4161-D9B2-44A0-A976-984727C96671}.Release|Any CPU.ActiveCfg = Release|Any CPU
		{521E4161-D9B2-44A0-A976-984727C96671}.Release|Any CPU.Build.0 = Release|Any CPU
		{3879789E-62AE-44E0-A9D2-F9026233373A}.Debug|Any CPU.ActiveCfg = Debug|Any CPU
		{3879789E-62AE-44E0-A9D2-F9026233373A}.Debug|Any CPU.Build.0 = Debug|Any CPU
		{3879789E-62AE-44E0-A9D2-F9026233373A}.Release|Any CPU.ActiveCfg = Release|Any CPU
		{3879789E-62AE-44E0-A9D2-F9026233373A}.Release|Any CPU.Build.0 = Release|Any CPU
	EndGlobalSection
	GlobalSection(SolutionProperties) = preSolution
		HideSolutionNode = FALSE
	EndGlobalSection
	GlobalSection(NestedProjects) = preSolution
		{8CD412C7-9D7D-4978-80A1-7E76E691CA24} = {46FA6A03-7C59-48A4-A4BE-53D830F608AD}
		{A7CDB277-E5EF-4C3D-87AD-4D88BBB0D3BD} = {46FA6A03-7C59-48A4-A4BE-53D830F608AD}
		{1517186C-815B-4B1A-8A5D-D77B75BEAB3C} = {8EF8E6AF-94FC-4687-894F-1C5D024D9916}
		{9935B811-EC2F-444B-8DF5-9929BDE17FDE} = {F60B05E6-1D02-4B38-9CA4-ABD8FDE787EE}
		{A3595D84-152F-463B-954A-009C68EF168E} = {F60B05E6-1D02-4B38-9CA4-ABD8FDE787EE}
		{FD78290F-8C4B-4727-94DF-1DA3019B693D} = {0EC1C35F-8338-4D17-AFAA-38E79B9BC080}
		{4821EF01-AA4F-4681-B357-6D0D0175D5E6} = {0A8FF8F7-BF0D-42AF-8A40-D8631962A64E}
		{778AA7FA-1A8F-4669-88DB-C02995159E60} = {6DC6FBA1-741E-4208-810D-7B81D85BBD60}
		{46FA6A03-7C59-48A4-A4BE-53D830F608AD} = {6DC6FBA1-741E-4208-810D-7B81D85BBD60}
		{521E4161-D9B2-44A0-A976-984727C96671} = {778AA7FA-1A8F-4669-88DB-C02995159E60}
		{3879789E-62AE-44E0-A9D2-F9026233373A} = {778AA7FA-1A8F-4669-88DB-C02995159E60}
	EndGlobalSection
	GlobalSection(ExtensibilityGlobals) = postSolution
		SolutionGuid = {03F990CA-4462-46DE-83E0-938C6DDBBF73}
	EndGlobalSection
EndGlobal
